
Microsoft Visual Studio Solution File, Format Version 12.00
# Visual Studio Version 17
VisualStudioVersion = 17.0.31903.59
MinimumVisualStudioVersion = 10.0.40219.1
Project("{2150E333-8FDC-42A3-9474-1A3956D46DE8}") = "src", "src", "{D366D1F8-75E5-4FCC-A378-70483BFDB004}"
EndProject
Project("{2150E333-8FDC-42A3-9474-1A3956D46DE8}") = "Gateway", "Gateway", "{6DD1257E-96F3-4915-AA37-4715063D55D6}"
EndProject
Project("{FAE04EC0-301F-11D3-BF4B-00C04F79EFBC}") = "Gateway.API", "src\Gateway\Gateway.API\Gateway.API.csproj", "{B8258DB8-A082-49F9-BE91-6038B223FBBF}"
EndProject
Project("{2150E333-8FDC-42A3-9474-1A3956D46DE8}") = "EduService", "EduService", "{F13DB577-6CFC-4F49-A379-CD8964BDFA64}"
EndProject
Project("{FAE04EC0-301F-11D3-BF4B-00C04F79EFBC}") = "EduService.API", "src\EduService\EduService.API\EduService.API.csproj", "{5A21308D-CB14-4D6C-9054-EE545C5361FF}"
EndProject
Project("{FAE04EC0-301F-11D3-BF4B-00C04F79EFBC}") = "EduService.Application", "src\EduService\EduService.Application\EduService.Application.csproj", "{3D7292EF-0C1A-45A4-B01C-37EB1D181FBA}"
EndProject
Project("{FAE04EC0-301F-11D3-BF4B-00C04F79EFBC}") = "EduService.Domain", "src\EduService\EduService.Domain\EduService.Domain.csproj", "{E7055D87-6DC8-4F38-A798-2C31D21CB475}"
EndProject
Project("{FAE04EC0-301F-11D3-BF4B-00C04F79EFBC}") = "EduService.Infrastructure", "src\EduService\EduService.Infrastructure\EduService.Infrastructure.csproj", "{151C3C9F-6E9D-4E0F-835F-7EB738526BAA}"
EndProject
Project("{2150E333-8FDC-42A3-9474-1A3956D46DE8}") = "HRMService", "HRMService", "{9D240D9B-DF76-4E3E-B842-E13DF477EB44}"
EndProject
Project("{FAE04EC0-301F-11D3-BF4B-00C04F79EFBC}") = "HRMService.API", "src\HRMService\HRMService.API\HRMService.API.csproj", "{AE727291-A083-4078-AAB6-F7CFC70AAC5A}"
EndProject
Project("{FAE04EC0-301F-11D3-BF4B-00C04F79EFBC}") = "HRMService.Application", "src\HRMService\HRMService.Application\HRMService.Application.csproj", "{41B74CF3-A1EA-449E-BC5B-DE4A543AC8B2}"
EndProject
Project("{FAE04EC0-301F-11D3-BF4B-00C04F79EFBC}") = "HRMService.Domain", "src\HRMService\HRMService.Domain\HRMService.Domain.csproj", "{5872A4DC-AA80-440D-9874-428C3B6A1872}"
EndProject
Project("{FAE04EC0-301F-11D3-BF4B-00C04F79EFBC}") = "HRMService.Infrastructure", "src\HRMService\HRMService.Infrastructure\HRMService.Infrastructure.csproj", "{7089BBFE-8674-45D1-AB23-E68E38CD2407}"
EndProject
Project("{2150E333-8FDC-42A3-9474-1A3956D46DE8}") = "OSSService", "OSSService", "{25406B6D-BE69-4B8E-B85F-43BC5E5750FD}"
EndProject
Project("{FAE04EC0-301F-11D3-BF4B-00C04F79EFBC}") = "OSSService.API", "src\OSSService\OSSService.API\OSSService.API.csproj", "{5D87E186-DB84-4124-AD06-24C8A6C99081}"
EndProject
Project("{FAE04EC0-301F-11D3-BF4B-00C04F79EFBC}") = "OSSService.Application", "src\OSSService\OSSService.Application\OSSService.Application.csproj", "{FBB5FB07-0639-4054-A18F-458BC7B3B0DF}"
EndProject
Project("{FAE04EC0-301F-11D3-BF4B-00C04F79EFBC}") = "OSSService.Domain", "src\OSSService\OSSService.Domain\OSSService.Domain.csproj", "{F6BA44DD-E696-4F5D-ABC5-82BB517E06B9}"
EndProject
Project("{FAE04EC0-301F-11D3-BF4B-00C04F79EFBC}") = "OSSService.Infrastructure", "src\OSSService\OSSService.Infrastructure\OSSService.Infrastructure.csproj", "{EBAD1676-1C93-4F6E-89FD-BC5BBAD24475}"
EndProject
Project("{2150E333-8FDC-42A3-9474-1A3956D46DE8}") = "ORDService", "ORDService", "{7D710302-DB46-49D3-B63E-CF93EE3A9251}"
EndProject
Project("{FAE04EC0-301F-11D3-BF4B-00C04F79EFBC}") = "ORDService.API", "src\ORDService\ORDService.API\ORDService.API.csproj", "{182BB311-5541-4B84-B93C-168D32AEC47E}"
EndProject
Project("{FAE04EC0-301F-11D3-BF4B-00C04F79EFBC}") = "ORDService.Application", "src\ORDService\ORDService.Application\ORDService.Application.csproj", "{F62C4760-4ACC-489B-8F9F-175F100A6822}"
EndProject
Project("{FAE04EC0-301F-11D3-BF4B-00C04F79EFBC}") = "ORDService.Domain", "src\ORDService\ORDService.Domain\ORDService.Domain.csproj", "{F0F47425-BF31-4A50-A2B7-6EAEE919F1E3}"
EndProject
Project("{FAE04EC0-301F-11D3-BF4B-00C04F79EFBC}") = "ORDService.Infrastructure", "src\ORDService\ORDService.Infrastructure\ORDService.Infrastructure.csproj", "{22077490-DFB9-4961-8B2A-B03C5FB1EEBE}"
EndProject
Project("{2150E333-8FDC-42A3-9474-1A3956D46DE8}") = "AuthService", "AuthService", "{1BAF294F-C85D-47FA-9B45-6D5C2B60E518}"
EndProject
Project("{FAE04EC0-301F-11D3-BF4B-00C04F79EFBC}") = "AuthService.API", "src\AuthService\AuthService.API\AuthService.API.csproj", "{333332FC-200B-4A47-BCED-39202FADADCD}"
EndProject
Project("{FAE04EC0-301F-11D3-BF4B-00C04F79EFBC}") = "AuthService.Application", "src\AuthService\AuthService.Application\AuthService.Application.csproj", "{40DA0E7B-8781-491C-84D7-369BCA167758}"
EndProject
Project("{FAE04EC0-301F-11D3-BF4B-00C04F79EFBC}") = "AuthService.Domain", "src\AuthService\AuthService.Domain\AuthService.Domain.csproj", "{FCBE419A-2A3B-4AF3-AD77-A5962786DA8C}"
EndProject
Project("{FAE04EC0-301F-11D3-BF4B-00C04F79EFBC}") = "AuthService.Infrastructure", "src\AuthService\AuthService.Infrastructure\AuthService.Infrastructure.csproj", "{C567E34E-C40C-4DC8-A3CF-53CB6B1A18AB}"
EndProject
Project("{2150E333-8FDC-42A3-9474-1A3956D46DE8}") = "Shared", "Shared", "{C09E9250-D486-43BD-8835-B8079E213BE9}"
EndProject
Project("{FAE04EC0-301F-11D3-BF4B-00C04F79EFBC}") = "SharedKernel", "src\Shared\SharedKernel\SharedKernel.csproj", "{24CCB1E0-3B05-4983-888F-B10811BCAE70}"
EndProject
Project("{FAE04EC0-301F-11D3-BF4B-00C04F79EFBC}") = "Shared.Auth", "src\Shared\Shared.Auth\Shared.Auth.csproj", "{7853F627-EB35-47FD-9728-541564D64975}"
EndProject
Project("{2150E333-8FDC-42A3-9474-1A3956D46DE8}") = "Solution Items", "Solution Items", "{BF0AA688-8A40-470A-8764-258B95D61136}"
	ProjectSection(SolutionItems) = preProject
		.dockerignore = .dockerignore
		docker-compose.yml = docker-compose.yml
		install-packages.ps1 = install-packages.ps1
		project-structure = project-structure
		README.md = README.md
	EndProjectSection
EndProject
Project("{2150E333-8FDC-42A3-9474-1A3956D46DE8}") = "tests", "tests", "{E36038C6-86A0-41FD-AABA-4E42DDDD6597}"
EndProject
Project("{FAE04EC0-301F-11D3-BF4B-00C04F79EFBC}") = "AuthService.Tests", "tests\AuthService.Tests\AuthService.Tests.csproj", "{8865018D-B36A-4012-BD5E-878F183CA8F9}"
EndProject
Project("{2150E333-8FDC-42A3-9474-1A3956D46DE8}") = "docs", "docs", "{A4D05596-69ED-4670-8EF2-726D478E45C7}"
	ProjectSection(SolutionItems) = preProject
		docs\UniversitySystemDiagram.drawio.png = docs\UniversitySystemDiagram.drawio.png
	EndProjectSection
EndProject
Project("{2150E333-8FDC-42A3-9474-1A3956D46DE8}") = "NotificationService", "NotificationService", "{0E348F4A-74BD-4F8C-9CAF-715E3795D935}"
EndProject
Project("{FAE04EC0-301F-11D3-BF4B-00C04F79EFBC}") = "NotificationService.API", "src\NotificationService\NotificationService.API\NotificationService.API.csproj", "{C0F2506F-61ED-4D1B-A290-55887BB70C35}"
EndProject
Project("{FAE04EC0-301F-11D3-BF4B-00C04F79EFBC}") = "NotificationService.Application", "src\NotificationService\NotificationService.Application\NotificationService.Application.csproj", "{A79E3604-D393-4241-9B99-A353EEC730AC}"
EndProject
Project("{FAE04EC0-301F-11D3-BF4B-00C04F79EFBC}") = "NotificationService.Domain", "src\NotificationService\NotificationService.Domain\NotificationService.Domain.csproj", "{F96D47CE-713E-4F96-888E-EED2B87B890B}"
EndProject
Project("{FAE04EC0-301F-11D3-BF4B-00C04F79EFBC}") = "NotificationService.Infrastructure", "src\NotificationService\NotificationService.Infrastructure\NotificationService.Infrastructure.csproj", "{DA70872A-BFF1-4D00-92C3-4CED766F8439}"
EndProject
Global
	GlobalSection(SolutionConfigurationPlatforms) = preSolution
		Debug|Any CPU = Debug|Any CPU
		Release|Any CPU = Release|Any CPU
	EndGlobalSection
	GlobalSection(ProjectConfigurationPlatforms) = postSolution
		{B8258DB8-A082-49F9-BE91-6038B223FBBF}.Debug|Any CPU.ActiveCfg = Debug|Any CPU
		{B8258DB8-A082-49F9-BE91-6038B223FBBF}.Debug|Any CPU.Build.0 = Debug|Any CPU
		{B8258DB8-A082-49F9-BE91-6038B223FBBF}.Release|Any CPU.ActiveCfg = Release|Any CPU
		{B8258DB8-A082-49F9-BE91-6038B223FBBF}.Release|Any CPU.Build.0 = Release|Any CPU
		{5A21308D-CB14-4D6C-9054-EE545C5361FF}.Debug|Any CPU.ActiveCfg = Debug|Any CPU
		{5A21308D-CB14-4D6C-9054-EE545C5361FF}.Debug|Any CPU.Build.0 = Debug|Any CPU
		{5A21308D-CB14-4D6C-9054-EE545C5361FF}.Release|Any CPU.ActiveCfg = Release|Any CPU
		{5A21308D-CB14-4D6C-9054-EE545C5361FF}.Release|Any CPU.Build.0 = Release|Any CPU
		{3D7292EF-0C1A-45A4-B01C-37EB1D181FBA}.Debug|Any CPU.ActiveCfg = Debug|Any CPU
		{3D7292EF-0C1A-45A4-B01C-37EB1D181FBA}.Debug|Any CPU.Build.0 = Debug|Any CPU
		{3D7292EF-0C1A-45A4-B01C-37EB1D181FBA}.Release|Any CPU.ActiveCfg = Release|Any CPU
		{3D7292EF-0C1A-45A4-B01C-37EB1D181FBA}.Release|Any CPU.Build.0 = Release|Any CPU
		{E7055D87-6DC8-4F38-A798-2C31D21CB475}.Debug|Any CPU.ActiveCfg = Debug|Any CPU
		{E7055D87-6DC8-4F38-A798-2C31D21CB475}.Debug|Any CPU.Build.0 = Debug|Any CPU
		{E7055D87-6DC8-4F38-A798-2C31D21CB475}.Release|Any CPU.ActiveCfg = Release|Any CPU
		{E7055D87-6DC8-4F38-A798-2C31D21CB475}.Release|Any CPU.Build.0 = Release|Any CPU
		{151C3C9F-6E9D-4E0F-835F-7EB738526BAA}.Debug|Any CPU.ActiveCfg = Debug|Any CPU
		{151C3C9F-6E9D-4E0F-835F-7EB738526BAA}.Debug|Any CPU.Build.0 = Debug|Any CPU
		{151C3C9F-6E9D-4E0F-835F-7EB738526BAA}.Release|Any CPU.ActiveCfg = Release|Any CPU
		{151C3C9F-6E9D-4E0F-835F-7EB738526BAA}.Release|Any CPU.Build.0 = Release|Any CPU
		{AE727291-A083-4078-AAB6-F7CFC70AAC5A}.Debug|Any CPU.ActiveCfg = Debug|Any CPU
		{AE727291-A083-4078-AAB6-F7CFC70AAC5A}.Debug|Any CPU.Build.0 = Debug|Any CPU
		{AE727291-A083-4078-AAB6-F7CFC70AAC5A}.Release|Any CPU.ActiveCfg = Release|Any CPU
		{AE727291-A083-4078-AAB6-F7CFC70AAC5A}.Release|Any CPU.Build.0 = Release|Any CPU
		{41B74CF3-A1EA-449E-BC5B-DE4A543AC8B2}.Debug|Any CPU.ActiveCfg = Debug|Any CPU
		{41B74CF3-A1EA-449E-BC5B-DE4A543AC8B2}.Debug|Any CPU.Build.0 = Debug|Any CPU
		{41B74CF3-A1EA-449E-BC5B-DE4A543AC8B2}.Release|Any CPU.ActiveCfg = Release|Any CPU
		{41B74CF3-A1EA-449E-BC5B-DE4A543AC8B2}.Release|Any CPU.Build.0 = Release|Any CPU
		{5872A4DC-AA80-440D-9874-428C3B6A1872}.Debug|Any CPU.ActiveCfg = Debug|Any CPU
		{5872A4DC-AA80-440D-9874-428C3B6A1872}.Debug|Any CPU.Build.0 = Debug|Any CPU
		{5872A4DC-AA80-440D-9874-428C3B6A1872}.Release|Any CPU.ActiveCfg = Release|Any CPU
		{5872A4DC-AA80-440D-9874-428C3B6A1872}.Release|Any CPU.Build.0 = Release|Any CPU
		{7089BBFE-8674-45D1-AB23-E68E38CD2407}.Debug|Any CPU.ActiveCfg = Debug|Any CPU
		{7089BBFE-8674-45D1-AB23-E68E38CD2407}.Debug|Any CPU.Build.0 = Debug|Any CPU
		{7089BBFE-8674-45D1-AB23-E68E38CD2407}.Release|Any CPU.ActiveCfg = Release|Any CPU
		{7089BBFE-8674-45D1-AB23-E68E38CD2407}.Release|Any CPU.Build.0 = Release|Any CPU
		{5D87E186-DB84-4124-AD06-24C8A6C99081}.Debug|Any CPU.ActiveCfg = Debug|Any CPU
		{5D87E186-DB84-4124-AD06-24C8A6C99081}.Debug|Any CPU.Build.0 = Debug|Any CPU
		{5D87E186-DB84-4124-AD06-24C8A6C99081}.Release|Any CPU.ActiveCfg = Release|Any CPU
		{5D87E186-DB84-4124-AD06-24C8A6C99081}.Release|Any CPU.Build.0 = Release|Any CPU
		{FBB5FB07-0639-4054-A18F-458BC7B3B0DF}.Debug|Any CPU.ActiveCfg = Debug|Any CPU
		{FBB5FB07-0639-4054-A18F-458BC7B3B0DF}.Debug|Any CPU.Build.0 = Debug|Any CPU
		{FBB5FB07-0639-4054-A18F-458BC7B3B0DF}.Release|Any CPU.ActiveCfg = Release|Any CPU
		{FBB5FB07-0639-4054-A18F-458BC7B3B0DF}.Release|Any CPU.Build.0 = Release|Any CPU
		{F6BA44DD-E696-4F5D-ABC5-82BB517E06B9}.Debug|Any CPU.ActiveCfg = Debug|Any CPU
		{F6BA44DD-E696-4F5D-ABC5-82BB517E06B9}.Debug|Any CPU.Build.0 = Debug|Any CPU
		{F6BA44DD-E696-4F5D-ABC5-82BB517E06B9}.Release|Any CPU.ActiveCfg = Release|Any CPU
		{F6BA44DD-E696-4F5D-ABC5-82BB517E06B9}.Release|Any CPU.Build.0 = Release|Any CPU
		{EBAD1676-1C93-4F6E-89FD-BC5BBAD24475}.Debug|Any CPU.ActiveCfg = Debug|Any CPU
		{EBAD1676-1C93-4F6E-89FD-BC5BBAD24475}.Debug|Any CPU.Build.0 = Debug|Any CPU
		{EBAD1676-1C93-4F6E-89FD-BC5BBAD24475}.Release|Any CPU.ActiveCfg = Release|Any CPU
		{EBAD1676-1C93-4F6E-89FD-BC5BBAD24475}.Release|Any CPU.Build.0 = Release|Any CPU
		{182BB311-5541-4B84-B93C-168D32AEC47E}.Debug|Any CPU.ActiveCfg = Debug|Any CPU
		{182BB311-5541-4B84-B93C-168D32AEC47E}.Debug|Any CPU.Build.0 = Debug|Any CPU
		{182BB311-5541-4B84-B93C-168D32AEC47E}.Release|Any CPU.ActiveCfg = Release|Any CPU
		{182BB311-5541-4B84-B93C-168D32AEC47E}.Release|Any CPU.Build.0 = Release|Any CPU
		{F62C4760-4ACC-489B-8F9F-175F100A6822}.Debug|Any CPU.ActiveCfg = Debug|Any CPU
		{F62C4760-4ACC-489B-8F9F-175F100A6822}.Debug|Any CPU.Build.0 = Debug|Any CPU
		{F62C4760-4ACC-489B-8F9F-175F100A6822}.Release|Any CPU.ActiveCfg = Release|Any CPU
		{F62C4760-4ACC-489B-8F9F-175F100A6822}.Release|Any CPU.Build.0 = Release|Any CPU
		{F0F47425-BF31-4A50-A2B7-6EAEE919F1E3}.Debug|Any CPU.ActiveCfg = Debug|Any CPU
		{F0F47425-BF31-4A50-A2B7-6EAEE919F1E3}.Debug|Any CPU.Build.0 = Debug|Any CPU
		{F0F47425-BF31-4A50-A2B7-6EAEE919F1E3}.Release|Any CPU.ActiveCfg = Release|Any CPU
		{F0F47425-BF31-4A50-A2B7-6EAEE919F1E3}.Release|Any CPU.Build.0 = Release|Any CPU
		{22077490-DFB9-4961-8B2A-B03C5FB1EEBE}.Debug|Any CPU.ActiveCfg = Debug|Any CPU
		{22077490-DFB9-4961-8B2A-B03C5FB1EEBE}.Debug|Any CPU.Build.0 = Debug|Any CPU
		{22077490-DFB9-4961-8B2A-B03C5FB1EEBE}.Release|Any CPU.ActiveCfg = Release|Any CPU
		{22077490-DFB9-4961-8B2A-B03C5FB1EEBE}.Release|Any CPU.Build.0 = Release|Any CPU
		{333332FC-200B-4A47-BCED-39202FADADCD}.Debug|Any CPU.ActiveCfg = Debug|Any CPU
		{333332FC-200B-4A47-BCED-39202FADADCD}.Debug|Any CPU.Build.0 = Debug|Any CPU
		{333332FC-200B-4A47-BCED-39202FADADCD}.Release|Any CPU.ActiveCfg = Release|Any CPU
		{333332FC-200B-4A47-BCED-39202FADADCD}.Release|Any CPU.Build.0 = Release|Any CPU
		{40DA0E7B-8781-491C-84D7-369BCA167758}.Debug|Any CPU.ActiveCfg = Debug|Any CPU
		{40DA0E7B-8781-491C-84D7-369BCA167758}.Debug|Any CPU.Build.0 = Debug|Any CPU
		{40DA0E7B-8781-491C-84D7-369BCA167758}.Release|Any CPU.ActiveCfg = Release|Any CPU
		{40DA0E7B-8781-491C-84D7-369BCA167758}.Release|Any CPU.Build.0 = Release|Any CPU
		{FCBE419A-2A3B-4AF3-AD77-A5962786DA8C}.Debug|Any CPU.ActiveCfg = Debug|Any CPU
		{FCBE419A-2A3B-4AF3-AD77-A5962786DA8C}.Debug|Any CPU.Build.0 = Debug|Any CPU
		{FCBE419A-2A3B-4AF3-AD77-A5962786DA8C}.Release|Any CPU.ActiveCfg = Release|Any CPU
		{FCBE419A-2A3B-4AF3-AD77-A5962786DA8C}.Release|Any CPU.Build.0 = Release|Any CPU
		{C567E34E-C40C-4DC8-A3CF-53CB6B1A18AB}.Debug|Any CPU.ActiveCfg = Debug|Any CPU
		{C567E34E-C40C-4DC8-A3CF-53CB6B1A18AB}.Debug|Any CPU.Build.0 = Debug|Any CPU
		{C567E34E-C40C-4DC8-A3CF-53CB6B1A18AB}.Release|Any CPU.ActiveCfg = Release|Any CPU
		{C567E34E-C40C-4DC8-A3CF-53CB6B1A18AB}.Release|Any CPU.Build.0 = Release|Any CPU
		{24CCB1E0-3B05-4983-888F-B10811BCAE70}.Debug|Any CPU.ActiveCfg = Debug|Any CPU
		{24CCB1E0-3B05-4983-888F-B10811BCAE70}.Debug|Any CPU.Build.0 = Debug|Any CPU
		{24CCB1E0-3B05-4983-888F-B10811BCAE70}.Release|Any CPU.ActiveCfg = Release|Any CPU
		{24CCB1E0-3B05-4983-888F-B10811BCAE70}.Release|Any CPU.Build.0 = Release|Any CPU
		{7853F627-EB35-47FD-9728-541564D64975}.Debug|Any CPU.ActiveCfg = Debug|Any CPU
		{7853F627-EB35-47FD-9728-541564D64975}.Debug|Any CPU.Build.0 = Debug|Any CPU
		{7853F627-EB35-47FD-9728-541564D64975}.Release|Any CPU.ActiveCfg = Release|Any CPU
		{7853F627-EB35-47FD-9728-541564D64975}.Release|Any CPU.Build.0 = Release|Any CPU
		{8865018D-B36A-4012-BD5E-878F183CA8F9}.Debug|Any CPU.ActiveCfg = Debug|Any CPU
		{8865018D-B36A-4012-BD5E-878F183CA8F9}.Debug|Any CPU.Build.0 = Debug|Any CPU
		{8865018D-B36A-4012-BD5E-878F183CA8F9}.Release|Any CPU.ActiveCfg = Release|Any CPU
		{8865018D-B36A-4012-BD5E-878F183CA8F9}.Release|Any CPU.Build.0 = Release|Any CPU
		{C0F2506F-61ED-4D1B-A290-55887BB70C35}.Debug|Any CPU.ActiveCfg = Debug|Any CPU
		{C0F2506F-61ED-4D1B-A290-55887BB70C35}.Debug|Any CPU.Build.0 = Debug|Any CPU
		{C0F2506F-61ED-4D1B-A290-55887BB70C35}.Release|Any CPU.ActiveCfg = Release|Any CPU
		{C0F2506F-61ED-4D1B-A290-55887BB70C35}.Release|Any CPU.Build.0 = Release|Any CPU
		{A79E3604-D393-4241-9B99-A353EEC730AC}.Debug|Any CPU.ActiveCfg = Debug|Any CPU
		{A79E3604-D393-4241-9B99-A353EEC730AC}.Debug|Any CPU.Build.0 = Debug|Any CPU
		{A79E3604-D393-4241-9B99-A353EEC730AC}.Release|Any CPU.ActiveCfg = Release|Any CPU
		{A79E3604-D393-4241-9B99-A353EEC730AC}.Release|Any CPU.Build.0 = Release|Any CPU
		{F96D47CE-713E-4F96-888E-EED2B87B890B}.Debug|Any CPU.ActiveCfg = Debug|Any CPU
		{F96D47CE-713E-4F96-888E-EED2B87B890B}.Debug|Any CPU.Build.0 = Debug|Any CPU
		{F96D47CE-713E-4F96-888E-EED2B87B890B}.Release|Any CPU.ActiveCfg = Release|Any CPU
		{F96D47CE-713E-4F96-888E-EED2B87B890B}.Release|Any CPU.Build.0 = Release|Any CPU
		{DA70872A-BFF1-4D00-92C3-4CED766F8439}.Debug|Any CPU.ActiveCfg = Debug|Any CPU
		{DA70872A-BFF1-4D00-92C3-4CED766F8439}.Debug|Any CPU.Build.0 = Debug|Any CPU
		{DA70872A-BFF1-4D00-92C3-4CED766F8439}.Release|Any CPU.ActiveCfg = Release|Any CPU
		{DA70872A-BFF1-4D00-92C3-4CED766F8439}.Release|Any CPU.Build.0 = Release|Any CPU
	EndGlobalSection
	GlobalSection(SolutionProperties) = preSolution
		HideSolutionNode = FALSE
	EndGlobalSection
	GlobalSection(NestedProjects) = preSolution
		{6DD1257E-96F3-4915-AA37-4715063D55D6} = {D366D1F8-75E5-4FCC-A378-70483BFDB004}
		{B8258DB8-A082-49F9-BE91-6038B223FBBF} = {6DD1257E-96F3-4915-AA37-4715063D55D6}
		{F13DB577-6CFC-4F49-A379-CD8964BDFA64} = {D366D1F8-75E5-4FCC-A378-70483BFDB004}
		{5A21308D-CB14-4D6C-9054-EE545C5361FF} = {F13DB577-6CFC-4F49-A379-CD8964BDFA64}
		{3D7292EF-0C1A-45A4-B01C-37EB1D181FBA} = {F13DB577-6CFC-4F49-A379-CD8964BDFA64}
		{E7055D87-6DC8-4F38-A798-2C31D21CB475} = {F13DB577-6CFC-4F49-A379-CD8964BDFA64}
		{151C3C9F-6E9D-4E0F-835F-7EB738526BAA} = {F13DB577-6CFC-4F49-A379-CD8964BDFA64}
		{9D240D9B-DF76-4E3E-B842-E13DF477EB44} = {D366D1F8-75E5-4FCC-A378-70483BFDB004}
		{AE727291-A083-4078-AAB6-F7CFC70AAC5A} = {9D240D9B-DF76-4E3E-B842-E13DF477EB44}
		{41B74CF3-A1EA-449E-BC5B-DE4A543AC8B2} = {9D240D9B-DF76-4E3E-B842-E13DF477EB44}
		{5872A4DC-AA80-440D-9874-428C3B6A1872} = {9D240D9B-DF76-4E3E-B842-E13DF477EB44}
		{7089BBFE-8674-45D1-AB23-E68E38CD2407} = {9D240D9B-DF76-4E3E-B842-E13DF477EB44}
		{25406B6D-BE69-4B8E-B85F-43BC5E5750FD} = {D366D1F8-75E5-4FCC-A378-70483BFDB004}
		{5D87E186-DB84-4124-AD06-24C8A6C99081} = {25406B6D-BE69-4B8E-B85F-43BC5E5750FD}
		{FBB5FB07-0639-4054-A18F-458BC7B3B0DF} = {25406B6D-BE69-4B8E-B85F-43BC5E5750FD}
		{F6BA44DD-E696-4F5D-ABC5-82BB517E06B9} = {25406B6D-BE69-4B8E-B85F-43BC5E5750FD}
		{EBAD1676-1C93-4F6E-89FD-BC5BBAD24475} = {25406B6D-BE69-4B8E-B85F-43BC5E5750FD}
		{7D710302-DB46-49D3-B63E-CF93EE3A9251} = {D366D1F8-75E5-4FCC-A378-70483BFDB004}
		{182BB311-5541-4B84-B93C-168D32AEC47E} = {7D710302-DB46-49D3-B63E-CF93EE3A9251}
		{F62C4760-4ACC-489B-8F9F-175F100A6822} = {7D710302-DB46-49D3-B63E-CF93EE3A9251}
		{F0F47425-BF31-4A50-A2B7-6EAEE919F1E3} = {7D710302-DB46-49D3-B63E-CF93EE3A9251}
		{22077490-DFB9-4961-8B2A-B03C5FB1EEBE} = {7D710302-DB46-49D3-B63E-CF93EE3A9251}
		{1BAF294F-C85D-47FA-9B45-6D5C2B60E518} = {D366D1F8-75E5-4FCC-A378-70483BFDB004}
		{333332FC-200B-4A47-BCED-39202FADADCD} = {1BAF294F-C85D-47FA-9B45-6D5C2B60E518}
		{40DA0E7B-8781-491C-84D7-369BCA167758} = {1BAF294F-C85D-47FA-9B45-6D5C2B60E518}
		{FCBE419A-2A3B-4AF3-AD77-A5962786DA8C} = {1BAF294F-C85D-47FA-9B45-6D5C2B60E518}
		{C567E34E-C40C-4DC8-A3CF-53CB6B1A18AB} = {1BAF294F-C85D-47FA-9B45-6D5C2B60E518}
		{C09E9250-D486-43BD-8835-B8079E213BE9} = {D366D1F8-75E5-4FCC-A378-70483BFDB004}
		{24CCB1E0-3B05-4983-888F-B10811BCAE70} = {C09E9250-D486-43BD-8835-B8079E213BE9}
		{7853F627-EB35-47FD-9728-541564D64975} = {C09E9250-D486-43BD-8835-B8079E213BE9}
		{8865018D-B36A-4012-BD5E-878F183CA8F9} = {E36038C6-86A0-41FD-AABA-4E42DDDD6597}
		{0E348F4A-74BD-4F8C-9CAF-715E3795D935} = {D366D1F8-75E5-4FCC-A378-70483BFDB004}
		{C0F2506F-61ED-4D1B-A290-55887BB70C35} = {0E348F4A-74BD-4F8C-9CAF-715E3795D935}
		{A79E3604-D393-4241-9B99-A353EEC730AC} = {0E348F4A-74BD-4F8C-9CAF-715E3795D935}
		{F96D47CE-713E-4F96-888E-EED2B87B890B} = {0E348F4A-74BD-4F8C-9CAF-715E3795D935}
		{DA70872A-BFF1-4D00-92C3-4CED766F8439} = {0E348F4A-74BD-4F8C-9CAF-715E3795D935}
	EndGlobalSection
EndGlobal
